
Microsoft Visual Studio Solution File, Format Version 12.00
Project("{2150E333-8FDC-42A3-9474-1A3956D46DE8}") = "src", "src", "{54311793-4FB9-46AA-AFDF-502BBC870FE4}"
EndProject
Project("{2150E333-8FDC-42A3-9474-1A3956D46DE8}") = "Building Blocks", "Building Blocks", "{FF2D72D1-EA6C-465C-B60F-8FF5BD66E2EA}"
EndProject
Project("{2150E333-8FDC-42A3-9474-1A3956D46DE8}") = "Services", "Services", "{2812E668-3527-4B8E-9D4A-0D21B3332F5A}"
EndProject
Project("{2150E333-8FDC-42A3-9474-1A3956D46DE8}") = "Web", "Web", "{693E29E9-D297-4440-9161-12F1E3702A9F}"
EndProject
Project("{2150E333-8FDC-42A3-9474-1A3956D46DE8}") = "Identidade", "Identidade", "{082DAAD1-43CE-4F5B-8137-78CAFA0F5F18}"
EndProject
Project("{FAE04EC0-301F-11D3-BF4B-00C04F79EFBC}") = "EE.Identidade.API", "src\services\EE.Identidade.API\EE.Identidade.API.csproj", "{E21502A3-49FF-4D21-B969-C22A0417B06A}"
EndProject
Project("{2150E333-8FDC-42A3-9474-1A3956D46DE8}") = "MVC", "MVC", "{E00D8C5A-86C4-460E-A2AD-36E4AEABD1AF}"
EndProject
Project("{FAE04EC0-301F-11D3-BF4B-00C04F79EFBC}") = "EE.WebApp.MVC", "src\web\EE.WebApp.MVC\EE.WebApp.MVC.csproj", "{EF4EBB9C-40EC-44E6-86B9-509120DA3195}"
EndProject
Project("{2150E333-8FDC-42A3-9474-1A3956D46DE8}") = "Core", "Core", "{AD98925C-8EF6-41F5-847D-EF2F15632EF8}"
EndProject
Project("{FAE04EC0-301F-11D3-BF4B-00C04F79EFBC}") = "EE.Core", "src\building blocks\EE.Core\EE.Core.csproj", "{A258F3D8-2134-4F5C-879E-C8863963513D}"
EndProject
Project("{2150E333-8FDC-42A3-9474-1A3956D46DE8}") = "Carrinho", "Carrinho", "{2CA8FFF1-80AF-414C-A23F-15B17979C42A}"
EndProject
Project("{FAE04EC0-301F-11D3-BF4B-00C04F79EFBC}") = "EE.Carrinho.API", "src\services\EE.Carrinho.API\EE.Carrinho.API.csproj", "{D3E5511C-8BB5-4216-B8A8-92DA80FA848D}"
EndProject
Project("{2150E333-8FDC-42A3-9474-1A3956D46DE8}") = "Catalogo", "Catalogo", "{8B76EEC4-350B-491E-9BF5-362BFE442D34}"
EndProject
Project("{FAE04EC0-301F-11D3-BF4B-00C04F79EFBC}") = "EE.Catalogo.API", "src\services\EE.Catalogo.API\EE.Catalogo.API.csproj", "{49EF9B13-7067-4FFB-91D8-43F255556E37}"
EndProject
Project("{2150E333-8FDC-42A3-9474-1A3956D46DE8}") = "Cliente", "Cliente", "{4D12FD8E-65C1-4142-B3D9-842C3DE04475}"
EndProject
Project("{FAE04EC0-301F-11D3-BF4B-00C04F79EFBC}") = "EE.Cliente.API", "src\services\EE.Cliente.API\EE.Cliente.API.csproj", "{3AC58DDF-2E98-42C5-B5FF-37CC72E66340}"
EndProject
Project("{2150E333-8FDC-42A3-9474-1A3956D46DE8}") = "Pagamento", "Pagamento", "{15E5DDC8-7BDF-45F0-88D2-25DA2A505690}"
EndProject
Project("{FAE04EC0-301F-11D3-BF4B-00C04F79EFBC}") = "EE.Pagamento.API", "src\services\EE.Pagamento.API\EE.Pagamento.API.csproj", "{3793F344-9548-483B-BAD9-82E8F78CADC0}"
EndProject
Project("{2150E333-8FDC-42A3-9474-1A3956D46DE8}") = "Pedido", "Pedido", "{5608590D-864C-48E2-9F44-878554F95DFC}"
EndProject
Project("{FAE04EC0-301F-11D3-BF4B-00C04F79EFBC}") = "EE.Pedido.API", "src\services\EE.Pedido.API\EE.Pedido.API.csproj", "{C5CF4055-B1FD-4D9B-A8C1-134EA603DCAE}"
EndProject
Project("{2150E333-8FDC-42A3-9474-1A3956D46DE8}") = "Services", "Services", "{809DEF75-A309-47B2-AD90-83B6ACBFFE19}"
EndProject
Project("{FAE04EC0-301F-11D3-BF4B-00C04F79EFBC}") = "EE.WebApi.Core", "src\building blocks\EE.WebApi.Core\EE.WebApi.Core.csproj", "{8A5C93AA-BD8A-422E-9849-99690594808B}"
EndProject
Global
	GlobalSection(SolutionConfigurationPlatforms) = preSolution
		Debug|Any CPU = Debug|Any CPU
		Release|Any CPU = Release|Any CPU
	EndGlobalSection
	GlobalSection(NestedProjects) = preSolution
		{FF2D72D1-EA6C-465C-B60F-8FF5BD66E2EA} = {54311793-4FB9-46AA-AFDF-502BBC870FE4}
		{2812E668-3527-4B8E-9D4A-0D21B3332F5A} = {54311793-4FB9-46AA-AFDF-502BBC870FE4}
		{693E29E9-D297-4440-9161-12F1E3702A9F} = {54311793-4FB9-46AA-AFDF-502BBC870FE4}
		{082DAAD1-43CE-4F5B-8137-78CAFA0F5F18} = {2812E668-3527-4B8E-9D4A-0D21B3332F5A}
		{E21502A3-49FF-4D21-B969-C22A0417B06A} = {082DAAD1-43CE-4F5B-8137-78CAFA0F5F18}
		{E00D8C5A-86C4-460E-A2AD-36E4AEABD1AF} = {693E29E9-D297-4440-9161-12F1E3702A9F}
		{EF4EBB9C-40EC-44E6-86B9-509120DA3195} = {E00D8C5A-86C4-460E-A2AD-36E4AEABD1AF}
		{AD98925C-8EF6-41F5-847D-EF2F15632EF8} = {FF2D72D1-EA6C-465C-B60F-8FF5BD66E2EA}
		{A258F3D8-2134-4F5C-879E-C8863963513D} = {AD98925C-8EF6-41F5-847D-EF2F15632EF8}
		{2CA8FFF1-80AF-414C-A23F-15B17979C42A} = {2812E668-3527-4B8E-9D4A-0D21B3332F5A}
		{D3E5511C-8BB5-4216-B8A8-92DA80FA848D} = {2CA8FFF1-80AF-414C-A23F-15B17979C42A}
		{8B76EEC4-350B-491E-9BF5-362BFE442D34} = {2812E668-3527-4B8E-9D4A-0D21B3332F5A}
		{49EF9B13-7067-4FFB-91D8-43F255556E37} = {8B76EEC4-350B-491E-9BF5-362BFE442D34}
		{4D12FD8E-65C1-4142-B3D9-842C3DE04475} = {2812E668-3527-4B8E-9D4A-0D21B3332F5A}
		{3AC58DDF-2E98-42C5-B5FF-37CC72E66340} = {4D12FD8E-65C1-4142-B3D9-842C3DE04475}
		{15E5DDC8-7BDF-45F0-88D2-25DA2A505690} = {2812E668-3527-4B8E-9D4A-0D21B3332F5A}
		{3793F344-9548-483B-BAD9-82E8F78CADC0} = {15E5DDC8-7BDF-45F0-88D2-25DA2A505690}
		{5608590D-864C-48E2-9F44-878554F95DFC} = {2812E668-3527-4B8E-9D4A-0D21B3332F5A}
		{C5CF4055-B1FD-4D9B-A8C1-134EA603DCAE} = {5608590D-864C-48E2-9F44-878554F95DFC}
		{809DEF75-A309-47B2-AD90-83B6ACBFFE19} = {FF2D72D1-EA6C-465C-B60F-8FF5BD66E2EA}
		{8A5C93AA-BD8A-422E-9849-99690594808B} = {809DEF75-A309-47B2-AD90-83B6ACBFFE19}
	EndGlobalSection
	GlobalSection(ProjectConfigurationPlatforms) = postSolution
		{E21502A3-49FF-4D21-B969-C22A0417B06A}.Debug|Any CPU.ActiveCfg = Debug|Any CPU
		{E21502A3-49FF-4D21-B969-C22A0417B06A}.Debug|Any CPU.Build.0 = Debug|Any CPU
		{E21502A3-49FF-4D21-B969-C22A0417B06A}.Release|Any CPU.ActiveCfg = Release|Any CPU
		{E21502A3-49FF-4D21-B969-C22A0417B06A}.Release|Any CPU.Build.0 = Release|Any CPU
		{EF4EBB9C-40EC-44E6-86B9-509120DA3195}.Debug|Any CPU.ActiveCfg = Debug|Any CPU
		{EF4EBB9C-40EC-44E6-86B9-509120DA3195}.Debug|Any CPU.Build.0 = Debug|Any CPU
		{EF4EBB9C-40EC-44E6-86B9-509120DA3195}.Release|Any CPU.ActiveCfg = Release|Any CPU
		{EF4EBB9C-40EC-44E6-86B9-509120DA3195}.Release|Any CPU.Build.0 = Release|Any CPU
		{A258F3D8-2134-4F5C-879E-C8863963513D}.Debug|Any CPU.ActiveCfg = Debug|Any CPU
		{A258F3D8-2134-4F5C-879E-C8863963513D}.Debug|Any CPU.Build.0 = Debug|Any CPU
		{A258F3D8-2134-4F5C-879E-C8863963513D}.Release|Any CPU.ActiveCfg = Release|Any CPU
		{A258F3D8-2134-4F5C-879E-C8863963513D}.Release|Any CPU.Build.0 = Release|Any CPU
		{D3E5511C-8BB5-4216-B8A8-92DA80FA848D}.Debug|Any CPU.ActiveCfg = Debug|Any CPU
		{D3E5511C-8BB5-4216-B8A8-92DA80FA848D}.Debug|Any CPU.Build.0 = Debug|Any CPU
		{D3E5511C-8BB5-4216-B8A8-92DA80FA848D}.Release|Any CPU.ActiveCfg = Release|Any CPU
		{D3E5511C-8BB5-4216-B8A8-92DA80FA848D}.Release|Any CPU.Build.0 = Release|Any CPU
		{49EF9B13-7067-4FFB-91D8-43F255556E37}.Debug|Any CPU.ActiveCfg = Debug|Any CPU
		{49EF9B13-7067-4FFB-91D8-43F255556E37}.Debug|Any CPU.Build.0 = Debug|Any CPU
		{49EF9B13-7067-4FFB-91D8-43F255556E37}.Release|Any CPU.ActiveCfg = Release|Any CPU
		{49EF9B13-7067-4FFB-91D8-43F255556E37}.Release|Any CPU.Build.0 = Release|Any CPU
		{3AC58DDF-2E98-42C5-B5FF-37CC72E66340}.Debug|Any CPU.ActiveCfg = Debug|Any CPU
		{3AC58DDF-2E98-42C5-B5FF-37CC72E66340}.Debug|Any CPU.Build.0 = Debug|Any CPU
		{3AC58DDF-2E98-42C5-B5FF-37CC72E66340}.Release|Any CPU.ActiveCfg = Release|Any CPU
		{3AC58DDF-2E98-42C5-B5FF-37CC72E66340}.Release|Any CPU.Build.0 = Release|Any CPU
		{3793F344-9548-483B-BAD9-82E8F78CADC0}.Debug|Any CPU.ActiveCfg = Debug|Any CPU
		{3793F344-9548-483B-BAD9-82E8F78CADC0}.Debug|Any CPU.Build.0 = Debug|Any CPU
		{3793F344-9548-483B-BAD9-82E8F78CADC0}.Release|Any CPU.ActiveCfg = Release|Any CPU
		{3793F344-9548-483B-BAD9-82E8F78CADC0}.Release|Any CPU.Build.0 = Release|Any CPU
		{C5CF4055-B1FD-4D9B-A8C1-134EA603DCAE}.Debug|Any CPU.ActiveCfg = Debug|Any CPU
		{C5CF4055-B1FD-4D9B-A8C1-134EA603DCAE}.Debug|Any CPU.Build.0 = Debug|Any CPU
		{C5CF4055-B1FD-4D9B-A8C1-134EA603DCAE}.Release|Any CPU.ActiveCfg = Release|Any CPU
		{C5CF4055-B1FD-4D9B-A8C1-134EA603DCAE}.Release|Any CPU.Build.0 = Release|Any CPU
		{8A5C93AA-BD8A-422E-9849-99690594808B}.Debug|Any CPU.ActiveCfg = Debug|Any CPU
		{8A5C93AA-BD8A-422E-9849-99690594808B}.Debug|Any CPU.Build.0 = Debug|Any CPU
		{8A5C93AA-BD8A-422E-9849-99690594808B}.Release|Any CPU.ActiveCfg = Release|Any CPU
		{8A5C93AA-BD8A-422E-9849-99690594808B}.Release|Any CPU.Build.0 = Release|Any CPU
	EndGlobalSection
EndGlobal
